
Microsoft Visual Studio Solution File, Format Version 12.00
# Visual Studio Version 17
VisualStudioVersion = 17.3.32825.248
MinimumVisualStudioVersion = 10.0.40219.1
Project("{FAE04EC0-301F-11D3-BF4B-00C04F79EFBC}") = "nb api", "nb api\nb api.csproj", "{B92FE991-6379-4C82-B1B5-2841AE4DB85A}"
EndProject
Global
	GlobalSection(SolutionConfigurationPlatforms) = preSolution
		Debug|Any CPU = Debug|Any CPU
		Release|Any CPU = Release|Any CPU
	EndGlobalSection
	GlobalSection(ProjectConfigurationPlatforms) = postSolution
		{B92FE991-6379-4C82-B1B5-2841AE4DB85A}.Debug|Any CPU.ActiveCfg = Debug|Any CPU
		{B92FE991-6379-4C82-B1B5-2841AE4DB85A}.Debug|Any CPU.Build.0 = Debug|Any CPU
		{B92FE991-6379-4C82-B1B5-2841AE4DB85A}.Release|Any CPU.ActiveCfg = Release|Any CPU
		{B92FE991-6379-4C82-B1B5-2841AE4DB85A}.Release|Any CPU.Build.0 = Release|Any CPU
	EndGlobalSection
	GlobalSection(SolutionProperties) = preSolution
		HideSolutionNode = FALSE
	EndGlobalSection
	GlobalSection(ExtensibilityGlobals) = postSolution
		SolutionGuid = {B3024D92-1CEC-49C4-9DEF-704AA6E4D5A0}
	EndGlobalSection
EndGlobal
